
Microsoft Visual Studio Solution File, Format Version 12.00
# Visual Studio Version 17
VisualStudioVersion = 17.3.32922.545
MinimumVisualStudioVersion = 10.0.40219.1
Project("{FAE04EC0-301F-11D3-BF4B-00C04F79EFBC}") = "Mono_labo_1", "Mono_labo_1\Mono_labo_1.csproj", "{9A0B0676-9FFB-47C1-8864-58D97DC7D0BB}"
EndProject
Global
	GlobalSection(SolutionConfigurationPlatforms) = preSolution
		Debug|Any CPU = Debug|Any CPU
		Release|Any CPU = Release|Any CPU
	EndGlobalSection
	GlobalSection(ProjectConfigurationPlatforms) = postSolution
		{9A0B0676-9FFB-47C1-8864-58D97DC7D0BB}.Debug|Any CPU.ActiveCfg = Debug|Any CPU
		{9A0B0676-9FFB-47C1-8864-58D97DC7D0BB}.Debug|Any CPU.Build.0 = Debug|Any CPU
		{9A0B0676-9FFB-47C1-8864-58D97DC7D0BB}.Release|Any CPU.ActiveCfg = Release|Any CPU
		{9A0B0676-9FFB-47C1-8864-58D97DC7D0BB}.Release|Any CPU.Build.0 = Release|Any CPU
	EndGlobalSection
	GlobalSection(SolutionProperties) = preSolution
		HideSolutionNode = FALSE
	EndGlobalSection
	GlobalSection(ExtensibilityGlobals) = postSolution
		SolutionGuid = {A9057CA8-230B-4912-9FB7-766C47C3F390}
	EndGlobalSection
EndGlobal
